---
mruby:
  version: 3.2.0
  release_no: 30200
builds:
  heavy:
    https://github.com/Asmod4n/mruby-b64.git:
      url: https://github.com/Asmod4n/mruby-b64.git
      branch: master
      commit: 6d8f36b1bd310aa1b0dccd6fe7b0e9d7551d7718
      version: 0.0.0
    https://github.com/katzer/mruby-r3.git:
      url: https://github.com/katzer/mruby-r3.git
      branch: master
      commit: 5f531a9be91405797901c9edd852ef7d8b5f8456
      version: 0.0.0
    https://github.com/diclophis/mruby-wslay.git:
      url: https://github.com/diclophis/mruby-wslay.git
      branch: fix-intended-return-of-exceptions-1.0
      commit: 4ceba1eaf45eb3ee77ff6e1eca74ae7e03571aa0
      version: 0.0.0
    https://github.com/Asmod4n/mruby-phr.git:
      url: https://github.com/Asmod4n/mruby-phr.git
      branch: master
      commit: a9b5776c5c6926ce30b09aadd5743c34e16ca522
      version: 0.0.0
    https://github.com/Asmod4n/mruby-simplemsgpack.git:
      url: https://github.com/Asmod4n/mruby-simplemsgpack.git
      branch: master
      commit: d7e9142afe9d5d53855c1611d2c35b5b71f02fa9
      version: '2.0'
    https://github.com/mattn/mruby-json.git:
      url: https://github.com/mattn/mruby-json.git
      branch: master
      commit: f99d9428025469f2400f93c53b185f65f963e507
      version: 0.0.0
    https://github.com/Asmod4n/mruby-sysrandom.git:
      url: https://github.com/Asmod4n/mruby-sysrandom.git
      branch: master
      commit: 75347e898686c8c044b0fa8a76f42ad25daee45c
      version: 0.0.0
    https://github.com/Asmod4n/mruby-string-is-utf8.git:
      url: https://github.com/Asmod4n/mruby-string-is-utf8.git
      branch: master
      commit: 1c639fe845008d437420a61852329a158ddd74b1
      version: 0.0.0
