---
mruby_version:
  version: 2.1.1
  release_no: 20101
builds:
  host:
    https://github.com/Asmod4n/mruby-b64.git:
      url: https://github.com/Asmod4n/mruby-b64.git
      branch: HEAD
      commit: 6d8f36b1bd310aa1b0dccd6fe7b0e9d7551d7718
      version: 0.0.0
    https://github.com/yui-knk/mruby-set.git:
      url: https://github.com/yui-knk/mruby-set.git
      branch: HEAD
      commit: 68334311ac7386eef84f3034a256e7135a87625d
      version: 0.0.0
    https://github.com/iij/mruby-zlib.git:
      url: https://github.com/iij/mruby-zlib.git
      branch: HEAD
      commit: 23e88ee9b5ee9776516e80906ceae4fccfd5687f
      version: 0.0.0
    https://github.com/katzer/mruby-r3.git:
      url: https://github.com/katzer/mruby-r3.git
      branch: HEAD
      commit: 9cb18cbf6862a749559130b5d34e5e89e7fc0bcc
      version: 0.0.0
    https://github.com/diclophis/mruby-wslay.git:
      url: https://github.com/diclophis/mruby-wslay.git
      branch: HEAD
      commit: 4ceba1eaf45eb3ee77ff6e1eca74ae7e03571aa0
      version: 0.0.0
    https://github.com/Asmod4n/mruby-sysrandom.git:
      url: https://github.com/Asmod4n/mruby-sysrandom.git
      branch: HEAD
      commit: 75347e898686c8c044b0fa8a76f42ad25daee45c
      version: 0.0.0
    https://github.com/iij/mruby-errno.git:
      url: https://github.com/iij/mruby-errno.git
      branch: HEAD
      commit: b4415207ff6ea62360619c89a1cff83259dc4db0
      version: 0.0.0
    https://github.com/Asmod4n/mruby-string-is-utf8.git:
      url: https://github.com/Asmod4n/mruby-string-is-utf8.git
      branch: HEAD
      commit: 1c639fe845008d437420a61852329a158ddd74b1
      version: 0.0.0
    https://github.com/Asmod4n/mruby-phr.git:
      url: https://github.com/Asmod4n/mruby-phr.git
      branch: master
      commit: 1bab77000280141802d56a20a5413ba0900b69df
      version: 0.0.0
