---
mruby_version:
  version: 2.1.0
  release_no: 20100
builds:
  host:
    https://github.com/yui-knk/mruby-set.git:
      url: https://github.com/yui-knk/mruby-set.git
      branch: HEAD
      commit: 68334311ac7386eef84f3034a256e7135a87625d
      version: 0.0.0
    https://github.com/Asmod4n/mruby-simplemsgpack.git:
      url: https://github.com/Asmod4n/mruby-simplemsgpack.git
      branch: HEAD
      commit: 9df3c4a4d6ff1b62cbedb6c680b2af2f72015e40
      version: 0.0.0
    https://github.com/iij/mruby-tempfile.git:
      url: https://github.com/iij/mruby-tempfile.git
      branch: HEAD
      commit: b8e4fb65ecce9f0cc3584480d93b53a60cc6dd36
      version: 0.0.0
    https://github.com/iij/mruby-process.git:
      url: https://github.com/iij/mruby-process.git
      branch: HEAD
      commit: 95da206a5764f4e80146979b8e35bd7a9afd6850
      version: 0.0.0
    https://github.com/ksss/mruby-signal.git:
      url: https://github.com/ksss/mruby-signal.git
      branch: HEAD
      commit: c3ea100d5d6998134cf636fe6df1866e1c13cfdc
      version: 0.0.0
    https://github.com/mattn/mruby-uv.git:
      url: https://github.com/mattn/mruby-uv.git
      branch: HEAD
      commit: ec9d4c81e42ac2d3a2c7c2ea560ab718d076ed45
      version: 0.0.0
    https://github.com/diclophis/mruby-wslay.git:
      url: https://github.com/diclophis/mruby-wslay.git
      branch: HEAD
      commit: 4ceba1eaf45eb3ee77ff6e1eca74ae7e03571aa0
      version: 0.0.0
    https://github.com/Asmod4n/mruby-b64.git:
      url: https://github.com/Asmod4n/mruby-b64.git
      branch: HEAD
      commit: 6d8f36b1bd310aa1b0dccd6fe7b0e9d7551d7718
      version: 0.0.0
    https://github.com/Asmod4n/mruby-phr.git:
      url: https://github.com/Asmod4n/mruby-phr.git
      branch: HEAD
      commit: 1bab77000280141802d56a20a5413ba0900b69df
      version: 0.0.0
    https://github.com/katzer/mruby-r3.git:
      url: https://github.com/katzer/mruby-r3.git
      branch: HEAD
      commit: 9cb18cbf6862a749559130b5d34e5e89e7fc0bcc
      version: 0.0.0
    https://github.com/iij/mruby-zlib.git:
      url: https://github.com/iij/mruby-zlib.git
      branch: HEAD
      commit: 23e88ee9b5ee9776516e80906ceae4fccfd5687f
      version: 0.0.0
    https://github.com/hfm/mruby-fileutils.git:
      url: https://github.com/hfm/mruby-fileutils.git
      branch: HEAD
      commit: 87910391a3e22aca9faf891ab8a512ab6324641f
      version: 0.0.0
    https://github.com/fastly/mruby-optparse.git:
      url: https://github.com/fastly/mruby-optparse.git
      branch: HEAD
      commit: e6397a090d1efe04d5dab57c63897f0d79bbad89
      version: 0.0.0
    https://github.com/iij/mruby-errno.git:
      url: https://github.com/iij/mruby-errno.git
      branch: HEAD
      commit: b4415207ff6ea62360619c89a1cff83259dc4db0
      version: 0.0.0
    https://github.com/iij/mruby-dir.git:
      url: https://github.com/iij/mruby-dir.git
      branch: HEAD
      commit: 89dceefa1250fb1ae868d4cb52498e9e24293cd1
      version: 0.0.0
    https://github.com/iij/mruby-env.git:
      url: https://github.com/iij/mruby-env.git
      branch: HEAD
      commit: 056ae324451ef16a50c7887e117f0ea30921b71b
      version: 0.0.0
    https://github.com/Asmod4n/mruby-sysrandom.git:
      url: https://github.com/Asmod4n/mruby-sysrandom.git
      branch: HEAD
      commit: 75347e898686c8c044b0fa8a76f42ad25daee45c
      version: 0.0.0
    https://github.com/Asmod4n/mruby-string-is-utf8.git:
      url: https://github.com/Asmod4n/mruby-string-is-utf8.git
      branch: HEAD
      commit: 1c639fe845008d437420a61852329a158ddd74b1
      version: 0.0.0
    https://github.com/ksss/mruby-file-stat.git:
      url: https://github.com/ksss/mruby-file-stat.git
      branch: HEAD
      commit: e9760c0d44bb8576b05f03aa5d23340e2312ffc8
      version: 0.0.0
    https://github.com/IceDragon200/mruby-catch-throw:
      url: https://github.com/IceDragon200/mruby-catch-throw
      branch: HEAD
      commit: 2b6eaff4232b4a9473b864df53c2917080af5dcf
      version: 1.1.0
    https://github.com/mattn/mruby-onig-regexp.git:
      url: https://github.com/mattn/mruby-onig-regexp.git
      branch: HEAD
      commit: db011517b97910ef8275d039de8c14961ef7a58c
      version: 0.0.0
